// !$*UTF8*$!
{
	archiveVersion = 1;
	classes = {
	};
	objectVersion = 46;
	objects = {

/* Begin PBXBuildFile section */
		2A2C332F1C62AF5F00676BA6 /* SplashViewController.swift in Sources */ = {isa = PBXBuildFile; fileRef = 2A2C332E1C62AF5F00676BA6 /* SplashViewController.swift */; };
		2A38A2E11C8B59E40050B18B /* LectureDetailTableViewController.swift in Sources */ = {isa = PBXBuildFile; fileRef = 2A38A2E01C8B59E40050B18B /* LectureDetailTableViewController.swift */; };
		2A38A2E21C8B59E40050B18B /* LectureDetailTableViewController.swift in Sources */ = {isa = PBXBuildFile; fileRef = 2A38A2E01C8B59E40050B18B /* LectureDetailTableViewController.swift */; };
		2A38A2E41C8B62990050B18B /* LectureDetailView.swift in Sources */ = {isa = PBXBuildFile; fileRef = 2A38A2E31C8B62990050B18B /* LectureDetailView.swift */; };
		2A38A2E51C8B62990050B18B /* LectureDetailView.swift in Sources */ = {isa = PBXBuildFile; fileRef = 2A38A2E31C8B62990050B18B /* LectureDetailView.swift */; };
		2A45404A1C67669300B33393 /* SHUtil.framework in Frameworks */ = {isa = PBXBuildFile; fileRef = 2A4540491C67669300B33393 /* SHUtil.framework */; };
		2A45404C1C6766C900B33393 /* SHUtil.framework in CopyFiles */ = {isa = PBXBuildFile; fileRef = 2A4540491C67669300B33393 /* SHUtil.framework */; settings = {ATTRIBUTES = (CodeSignOnCopy, RemoveHeadersOnCopy, ); }; };
		2A4540541C67957000B33393 /* NoticeNavigationController.swift in Sources */ = {isa = PBXBuildFile; fileRef = 2A4540531C67957000B33393 /* NoticeNavigationController.swift */; };
		2A4540571C6797A600B33393 /* RootNoticeViewController.swift in Sources */ = {isa = PBXBuildFile; fileRef = 2A4540561C6797A600B33393 /* RootNoticeViewController.swift */; };
		2A45405A1C679C2800B33393 /* MenuTableViewController.swift in Sources */ = {isa = PBXBuildFile; fileRef = 2A4540591C679C2800B33393 /* MenuTableViewController.swift */; };
		2A45405D1C67A47C00B33393 /* CategoryModel.swift in Sources */ = {isa = PBXBuildFile; fileRef = 2A45405C1C67A47C00B33393 /* CategoryModel.swift */; };
		2A4A6BDA1C64C4F600B4BD6F /* Splash.storyboard in Resources */ = {isa = PBXBuildFile; fileRef = 2A4A6BD91C64C4F600B4BD6F /* Splash.storyboard */; };
		2A4A6BDE1C64CEC600B4BD6F /* Lecture.storyboard in Resources */ = {isa = PBXBuildFile; fileRef = 2A4A6BDD1C64CEC600B4BD6F /* Lecture.storyboard */; };
		2A4A6BE11C64CED200B4BD6F /* Notice.storyboard in Resources */ = {isa = PBXBuildFile; fileRef = 2A4A6BE01C64CED200B4BD6F /* Notice.storyboard */; };
		2A4A6BE41C64CEDA00B4BD6F /* Access.storyboard in Resources */ = {isa = PBXBuildFile; fileRef = 2A4A6BE31C64CEDA00B4BD6F /* Access.storyboard */; };
		2A4A6BE71C64CEE200B4BD6F /* Setting.storyboard in Resources */ = {isa = PBXBuildFile; fileRef = 2A4A6BE61C64CEE200B4BD6F /* Setting.storyboard */; };
		2A4A6BEA1C64D7FE00B4BD6F /* RootTabBarController.swift in Sources */ = {isa = PBXBuildFile; fileRef = 2A4A6BE91C64D7FE00B4BD6F /* RootTabBarController.swift */; };
		2A4A6BF41C64ED2600B4BD6F /* NoticeDetail.storyboard in Resources */ = {isa = PBXBuildFile; fileRef = 2A4A6BF31C64ED2600B4BD6F /* NoticeDetail.storyboard */; };
		2A4A6BFE1C64F49E00B4BD6F /* NoticeViewController.swift in Sources */ = {isa = PBXBuildFile; fileRef = 2A4A6BFD1C64F49E00B4BD6F /* NoticeViewController.swift */; };
		2A4A6C021C64F73100B4BD6F /* Notice.swift in Sources */ = {isa = PBXBuildFile; fileRef = 2A4A6C011C64F73100B4BD6F /* Notice.swift */; };
		2A4A6C051C64F7BF00B4BD6F /* NoticeDetailViewController.swift in Sources */ = {isa = PBXBuildFile; fileRef = 2A4A6C041C64F7BF00B4BD6F /* NoticeDetailViewController.swift */; };
		2A4A6C091C6623D800B4BD6F /* NoticeModel.swift in Sources */ = {isa = PBXBuildFile; fileRef = 2A4A6C081C6623D800B4BD6F /* NoticeModel.swift */; };
		2A4A6C0C1C663F4C00B4BD6F /* APIService.swift in Sources */ = {isa = PBXBuildFile; fileRef = 2A4A6C0B1C663F4C00B4BD6F /* APIService.swift */; };
		2A4A6C0F1C66557600B4BD6F /* Kyutech.swift in Sources */ = {isa = PBXBuildFile; fileRef = 2A4A6C0E1C66557600B4BD6F /* Kyutech.swift */; };
		2A4A6C121C66570700B4BD6F /* Alamofire+SwiftyJSON.swift in Sources */ = {isa = PBXBuildFile; fileRef = 2A4A6C111C66570700B4BD6F /* Alamofire+SwiftyJSON.swift */; };
		2A5BB4911C7C157900F64A2D /* Access.swift in Sources */ = {isa = PBXBuildFile; fileRef = 2A5BB4901C7C157900F64A2D /* Access.swift */; };
		2A5BB4921C7C157900F64A2D /* Access.swift in Sources */ = {isa = PBXBuildFile; fileRef = 2A5BB4901C7C157900F64A2D /* Access.swift */; };
		2A5BB4941C7C158200F64A2D /* Direction.swift in Sources */ = {isa = PBXBuildFile; fileRef = 2A5BB4931C7C158200F64A2D /* Direction.swift */; };
		2A5BB4951C7C158200F64A2D /* Direction.swift in Sources */ = {isa = PBXBuildFile; fileRef = 2A5BB4931C7C158200F64A2D /* Direction.swift */; };
		2A5BB4971C7C158E00F64A2D /* TimeTable.swift in Sources */ = {isa = PBXBuildFile; fileRef = 2A5BB4961C7C158E00F64A2D /* TimeTable.swift */; };
		2A5BB4981C7C158E00F64A2D /* TimeTable.swift in Sources */ = {isa = PBXBuildFile; fileRef = 2A5BB4961C7C158E00F64A2D /* TimeTable.swift */; };
		2A5BB49A1C7C15AA00F64A2D /* AccessModel.swift in Sources */ = {isa = PBXBuildFile; fileRef = 2A5BB4991C7C15AA00F64A2D /* AccessModel.swift */; };
		2A5BB49B1C7C15AA00F64A2D /* AccessModel.swift in Sources */ = {isa = PBXBuildFile; fileRef = 2A5BB4991C7C15AA00F64A2D /* AccessModel.swift */; };
		2A5D96A01C6A7D7100E1DF80 /* NoticeView.swift in Sources */ = {isa = PBXBuildFile; fileRef = 2A5D969F1C6A7D7100E1DF80 /* NoticeView.swift */; };
		2A5D96A11C6A7D7100E1DF80 /* NoticeView.swift in Sources */ = {isa = PBXBuildFile; fileRef = 2A5D969F1C6A7D7100E1DF80 /* NoticeView.swift */; };
		2A5D96A31C6A8D5900E1DF80 /* NoticeTableView.swift in Sources */ = {isa = PBXBuildFile; fileRef = 2A5D96A21C6A8D5900E1DF80 /* NoticeTableView.swift */; };
		2A5D96A41C6A8D5900E1DF80 /* NoticeTableView.swift in Sources */ = {isa = PBXBuildFile; fileRef = 2A5D96A21C6A8D5900E1DF80 /* NoticeTableView.swift */; };
		2A5D96A61C6A967800E1DF80 /* NoticeDetailView.swift in Sources */ = {isa = PBXBuildFile; fileRef = 2A5D96A51C6A967800E1DF80 /* NoticeDetailView.swift */; };
		2A5D96A71C6A967800E1DF80 /* NoticeDetailView.swift in Sources */ = {isa = PBXBuildFile; fileRef = 2A5D96A51C6A967800E1DF80 /* NoticeDetailView.swift */; };
		2A642D581C6FBB7700098E99 /* SubjectTableViewController.swift in Sources */ = {isa = PBXBuildFile; fileRef = 2A642D571C6FBB7700098E99 /* SubjectTableViewController.swift */; };
		2A642D591C6FBB7700098E99 /* SubjectTableViewController.swift in Sources */ = {isa = PBXBuildFile; fileRef = 2A642D571C6FBB7700098E99 /* SubjectTableViewController.swift */; };
		2A6A08671C6EBFF0004B1EC2 /* RealmData.swift in Sources */ = {isa = PBXBuildFile; fileRef = 2A6A08661C6EBFEF004B1EC2 /* RealmData.swift */; };
		2A6A08681C6EBFF0004B1EC2 /* RealmData.swift in Sources */ = {isa = PBXBuildFile; fileRef = 2A6A08661C6EBFEF004B1EC2 /* RealmData.swift */; };
		2A7A7C461C69361A00BEE966 /* api.plist in Resources */ = {isa = PBXBuildFile; fileRef = 2A7A7C451C69361A00BEE966 /* api.plist */; };
		2A8228301C6F959B00F3AB7B /* TermTableViewController.swift in Sources */ = {isa = PBXBuildFile; fileRef = 2A82282F1C6F959B00F3AB7B /* TermTableViewController.swift */; };
		2A8228311C6F959B00F3AB7B /* TermTableViewController.swift in Sources */ = {isa = PBXBuildFile; fileRef = 2A82282F1C6F959B00F3AB7B /* TermTableViewController.swift */; };
		2A9A95531C5CBB84007BDA52 /* AppDelegate.swift in Sources */ = {isa = PBXBuildFile; fileRef = 2A9A95521C5CBB84007BDA52 /* AppDelegate.swift */; };
		2A9A95581C5CBB84007BDA52 /* Main.storyboard in Resources */ = {isa = PBXBuildFile; fileRef = 2A9A95561C5CBB84007BDA52 /* Main.storyboard */; };
		2A9A955A1C5CBB84007BDA52 /* Assets.xcassets in Resources */ = {isa = PBXBuildFile; fileRef = 2A9A95591C5CBB84007BDA52 /* Assets.xcassets */; };
		2A9A955D1C5CBB84007BDA52 /* LaunchScreen.storyboard in Resources */ = {isa = PBXBuildFile; fileRef = 2A9A955B1C5CBB84007BDA52 /* LaunchScreen.storyboard */; };
		2A9A95681C5CBB84007BDA52 /* kyutechTests.swift in Sources */ = {isa = PBXBuildFile; fileRef = 2A9A95671C5CBB84007BDA52 /* kyutechTests.swift */; };
		2A9A95731C5CBB84007BDA52 /* kyutechUITests.swift in Sources */ = {isa = PBXBuildFile; fileRef = 2A9A95721C5CBB84007BDA52 /* kyutechUITests.swift */; };
		2A9A959F1C5D2421007BDA52 /* Config.swift in Sources */ = {isa = PBXBuildFile; fileRef = 2A9A959E1C5D2421007BDA52 /* Config.swift */; };
		2ABF85951C7C361B00B4998E /* AccessViewController.swift in Sources */ = {isa = PBXBuildFile; fileRef = 2ABF85941C7C361B00B4998E /* AccessViewController.swift */; };
		2ABF85961C7C361B00B4998E /* AccessViewController.swift in Sources */ = {isa = PBXBuildFile; fileRef = 2ABF85941C7C361B00B4998E /* AccessViewController.swift */; };
		2ABF85991C7C36D300B4998E /* AccessView.swift in Sources */ = {isa = PBXBuildFile; fileRef = 2ABF85981C7C36D300B4998E /* AccessView.swift */; };
		2ABF859A1C7C36D300B4998E /* AccessView.swift in Sources */ = {isa = PBXBuildFile; fileRef = 2ABF85981C7C36D300B4998E /* AccessView.swift */; };
		2ADA7D631C6975730054A771 /* SplashViewController.swift in Sources */ = {isa = PBXBuildFile; fileRef = 2A2C332E1C62AF5F00676BA6 /* SplashViewController.swift */; };
		2ADA7D641C6975730054A771 /* Kyutech.swift in Sources */ = {isa = PBXBuildFile; fileRef = 2A4A6C0E1C66557600B4BD6F /* Kyutech.swift */; };
		2ADA7D651C6975730054A771 /* NoticeDetailViewController.swift in Sources */ = {isa = PBXBuildFile; fileRef = 2A4A6C041C64F7BF00B4BD6F /* NoticeDetailViewController.swift */; };
		2ADA7D661C6975730054A771 /* RootTabBarController.swift in Sources */ = {isa = PBXBuildFile; fileRef = 2A4A6BE91C64D7FE00B4BD6F /* RootTabBarController.swift */; };
		2ADA7D671C6975730054A771 /* AppDelegate.swift in Sources */ = {isa = PBXBuildFile; fileRef = 2A9A95521C5CBB84007BDA52 /* AppDelegate.swift */; };
		2ADA7D681C6975730054A771 /* Notice.swift in Sources */ = {isa = PBXBuildFile; fileRef = 2A4A6C011C64F73100B4BD6F /* Notice.swift */; };
		2ADA7D691C6975730054A771 /* NoticeNavigationController.swift in Sources */ = {isa = PBXBuildFile; fileRef = 2A4540531C67957000B33393 /* NoticeNavigationController.swift */; };
		2ADA7D6A1C6975730054A771 /* Config.swift in Sources */ = {isa = PBXBuildFile; fileRef = 2A9A959E1C5D2421007BDA52 /* Config.swift */; };
		2ADA7D6B1C6975730054A771 /* MenuTableViewController.swift in Sources */ = {isa = PBXBuildFile; fileRef = 2A4540591C679C2800B33393 /* MenuTableViewController.swift */; };
		2ADA7D6C1C6975730054A771 /* NoticeViewController.swift in Sources */ = {isa = PBXBuildFile; fileRef = 2A4A6BFD1C64F49E00B4BD6F /* NoticeViewController.swift */; };
		2ADA7D6D1C6975730054A771 /* Alamofire+SwiftyJSON.swift in Sources */ = {isa = PBXBuildFile; fileRef = 2A4A6C111C66570700B4BD6F /* Alamofire+SwiftyJSON.swift */; };
		2ADA7D6E1C6975730054A771 /* RootNoticeViewController.swift in Sources */ = {isa = PBXBuildFile; fileRef = 2A4540561C6797A600B33393 /* RootNoticeViewController.swift */; };
		2ADA7D6F1C6975730054A771 /* APIService.swift in Sources */ = {isa = PBXBuildFile; fileRef = 2A4A6C0B1C663F4C00B4BD6F /* APIService.swift */; };
		2ADA7D701C6975730054A771 /* CategoryModel.swift in Sources */ = {isa = PBXBuildFile; fileRef = 2A45405C1C67A47C00B33393 /* CategoryModel.swift */; };
		2ADA7D711C6975730054A771 /* NoticeModel.swift in Sources */ = {isa = PBXBuildFile; fileRef = 2A4A6C081C6623D800B4BD6F /* NoticeModel.swift */; };
		2ADA7D731C6975730054A771 /* SHUtil.framework in Frameworks */ = {isa = PBXBuildFile; fileRef = 2A4540491C67669300B33393 /* SHUtil.framework */; };
		2ADA7D741C6975730054A771 /* Pods.framework in Frameworks */ = {isa = PBXBuildFile; fileRef = 5ECE5AD4EA2C759CE1152BFC /* Pods.framework */; };
		2ADA7D761C6975730054A771 /* Access.storyboard in Resources */ = {isa = PBXBuildFile; fileRef = 2A4A6BE31C64CEDA00B4BD6F /* Access.storyboard */; };
		2ADA7D771C6975730054A771 /* NoticeDetail.storyboard in Resources */ = {isa = PBXBuildFile; fileRef = 2A4A6BF31C64ED2600B4BD6F /* NoticeDetail.storyboard */; };
		2ADA7D781C6975730054A771 /* api.plist in Resources */ = {isa = PBXBuildFile; fileRef = 2A7A7C451C69361A00BEE966 /* api.plist */; };
		2ADA7D791C6975730054A771 /* LaunchScreen.storyboard in Resources */ = {isa = PBXBuildFile; fileRef = 2A9A955B1C5CBB84007BDA52 /* LaunchScreen.storyboard */; };
		2ADA7D7A1C6975730054A771 /* Notice.storyboard in Resources */ = {isa = PBXBuildFile; fileRef = 2A4A6BE01C64CED200B4BD6F /* Notice.storyboard */; };
		2ADA7D7B1C6975730054A771 /* Assets.xcassets in Resources */ = {isa = PBXBuildFile; fileRef = 2A9A95591C5CBB84007BDA52 /* Assets.xcassets */; };
		2ADA7D7D1C6975730054A771 /* Main.storyboard in Resources */ = {isa = PBXBuildFile; fileRef = 2A9A95561C5CBB84007BDA52 /* Main.storyboard */; };
		2ADA7D7E1C6975730054A771 /* Setting.storyboard in Resources */ = {isa = PBXBuildFile; fileRef = 2A4A6BE61C64CEE200B4BD6F /* Setting.storyboard */; };
		2ADA7D7F1C6975730054A771 /* Lecture.storyboard in Resources */ = {isa = PBXBuildFile; fileRef = 2A4A6BDD1C64CEC600B4BD6F /* Lecture.storyboard */; };
		2ADA7D801C6975730054A771 /* Splash.storyboard in Resources */ = {isa = PBXBuildFile; fileRef = 2A4A6BD91C64C4F600B4BD6F /* Splash.storyboard */; };
		2ADA7D851C6975730054A771 /* SHUtil.framework in CopyFiles */ = {isa = PBXBuildFile; fileRef = 2A4540491C67669300B33393 /* SHUtil.framework */; settings = {ATTRIBUTES = (CodeSignOnCopy, RemoveHeadersOnCopy, ); }; };
		2ADA7D8C1C6977160054A771 /* kyutech-dev.plist in Resources */ = {isa = PBXBuildFile; fileRef = 2ADA7D8B1C6977160054A771 /* kyutech-dev.plist */; };
		2ADA7D8D1C697AF10054A771 /* dev-api.plist in Resources */ = {isa = PBXBuildFile; fileRef = 2A7A7C431C69360D00BEE966 /* dev-api.plist */; };
		2ADA7D8F1C6A6BEE0054A771 /* MenuTableView.swift in Sources */ = {isa = PBXBuildFile; fileRef = 2ADA7D8E1C6A6BEE0054A771 /* MenuTableView.swift */; };
		2ADA7D901C6A6BEE0054A771 /* MenuTableView.swift in Sources */ = {isa = PBXBuildFile; fileRef = 2ADA7D8E1C6A6BEE0054A771 /* MenuTableView.swift */; };
		2AEF74231C6AD53200C10205 /* LectureCollectionViewController.swift in Sources */ = {isa = PBXBuildFile; fileRef = 2AEF74221C6AD53200C10205 /* LectureCollectionViewController.swift */; };
		2AEF74241C6AD53200C10205 /* LectureCollectionViewController.swift in Sources */ = {isa = PBXBuildFile; fileRef = 2AEF74221C6AD53200C10205 /* LectureCollectionViewController.swift */; };
		2AEF742B1C6BA49800C10205 /* LectureCollectionView.swift in Sources */ = {isa = PBXBuildFile; fileRef = 2AEF742A1C6BA49800C10205 /* LectureCollectionView.swift */; };
		2AEF742C1C6BA49800C10205 /* LectureCollectionView.swift in Sources */ = {isa = PBXBuildFile; fileRef = 2AEF742A1C6BA49800C10205 /* LectureCollectionView.swift */; };
		2AEF742E1C6BA5B700C10205 /* Lecture.swift in Sources */ = {isa = PBXBuildFile; fileRef = 2AEF742D1C6BA5B700C10205 /* Lecture.swift */; };
		2AEF742F1C6BA5B700C10205 /* Lecture.swift in Sources */ = {isa = PBXBuildFile; fileRef = 2AEF742D1C6BA5B700C10205 /* Lecture.swift */; };
		2AEF74311C6BA76200C10205 /* LectureModel.swift in Sources */ = {isa = PBXBuildFile; fileRef = 2AEF74301C6BA76200C10205 /* LectureModel.swift */; };
		2AEF74321C6BA76200C10205 /* LectureModel.swift in Sources */ = {isa = PBXBuildFile; fileRef = 2AEF74301C6BA76200C10205 /* LectureModel.swift */; };
		2AEF74381C6BBD7400C10205 /* LectureCollectionViewCell.swift in Sources */ = {isa = PBXBuildFile; fileRef = 2AEF74361C6BBD7400C10205 /* LectureCollectionViewCell.swift */; };
		2AEF74391C6BBD7400C10205 /* LectureCollectionViewCell.swift in Sources */ = {isa = PBXBuildFile; fileRef = 2AEF74361C6BBD7400C10205 /* LectureCollectionViewCell.swift */; };
		2AEF743A1C6BBD7400C10205 /* LectureCollectionViewCell.xib in Resources */ = {isa = PBXBuildFile; fileRef = 2AEF74371C6BBD7400C10205 /* LectureCollectionViewCell.xib */; };
		2AEF743B1C6BBD7400C10205 /* LectureCollectionViewCell.xib in Resources */ = {isa = PBXBuildFile; fileRef = 2AEF74371C6BBD7400C10205 /* LectureCollectionViewCell.xib */; };
		2AFFAFA31C6FCD7A00ACD168 /* SubjectTableViewCell.swift in Sources */ = {isa = PBXBuildFile; fileRef = 2AFFAFA11C6FCD7A00ACD168 /* SubjectTableViewCell.swift */; };
		2AFFAFA41C6FCD7A00ACD168 /* SubjectTableViewCell.swift in Sources */ = {isa = PBXBuildFile; fileRef = 2AFFAFA11C6FCD7A00ACD168 /* SubjectTableViewCell.swift */; };
		2AFFAFA51C6FCD7A00ACD168 /* SubjectTableViewCell.xib in Resources */ = {isa = PBXBuildFile; fileRef = 2AFFAFA21C6FCD7A00ACD168 /* SubjectTableViewCell.xib */; };
		2AFFAFA61C6FCD7A00ACD168 /* SubjectTableViewCell.xib in Resources */ = {isa = PBXBuildFile; fileRef = 2AFFAFA21C6FCD7A00ACD168 /* SubjectTableViewCell.xib */; };
		2AFFAFA81C7028DA00ACD168 /* SubjectTableView.swift in Sources */ = {isa = PBXBuildFile; fileRef = 2AFFAFA71C7028DA00ACD168 /* SubjectTableView.swift */; };
		2AFFAFA91C7028DA00ACD168 /* SubjectTableView.swift in Sources */ = {isa = PBXBuildFile; fileRef = 2AFFAFA71C7028DA00ACD168 /* SubjectTableView.swift */; };
		CFB0B282FB4A0C06B2B3695F /* Pods.framework in Frameworks */ = {isa = PBXBuildFile; fileRef = 5ECE5AD4EA2C759CE1152BFC /* Pods.framework */; };
/* End PBXBuildFile section */

/* Begin PBXContainerItemProxy section */
		2A9A95641C5CBB84007BDA52 /* PBXContainerItemProxy */ = {
			isa = PBXContainerItemProxy;
			containerPortal = 2A9A95471C5CBB84007BDA52 /* Project object */;
			proxyType = 1;
			remoteGlobalIDString = 2A9A954E1C5CBB84007BDA52;
			remoteInfo = kyutech;
		};
		2A9A956F1C5CBB84007BDA52 /* PBXContainerItemProxy */ = {
			isa = PBXContainerItemProxy;
			containerPortal = 2A9A95471C5CBB84007BDA52 /* Project object */;
			proxyType = 1;
			remoteGlobalIDString = 2A9A954E1C5CBB84007BDA52;
			remoteInfo = kyutech;
		};
/* End PBXContainerItemProxy section */

/* Begin PBXCopyFilesBuildPhase section */
		2A4540471C6762BC00B33393 /* CopyFiles */ = {
			isa = PBXCopyFilesBuildPhase;
			buildActionMask = 2147483647;
			dstPath = "";
			dstSubfolderSpec = 10;
			files = (
				2A45404C1C6766C900B33393 /* SHUtil.framework in CopyFiles */,
			);
			runOnlyForDeploymentPostprocessing = 0;
		};
		2ADA7D841C6975730054A771 /* CopyFiles */ = {
			isa = PBXCopyFilesBuildPhase;
			buildActionMask = 2147483647;
			dstPath = "";
			dstSubfolderSpec = 10;
			files = (
				2ADA7D851C6975730054A771 /* SHUtil.framework in CopyFiles */,
			);
			runOnlyForDeploymentPostprocessing = 0;
		};
/* End PBXCopyFilesBuildPhase section */

/* Begin PBXFileReference section */
		2A2C332E1C62AF5F00676BA6 /* SplashViewController.swift */ = {isa = PBXFileReference; fileEncoding = 4; lastKnownFileType = sourcecode.swift; path = SplashViewController.swift; sourceTree = "<group>"; };
		2A38A2E01C8B59E40050B18B /* LectureDetailTableViewController.swift */ = {isa = PBXFileReference; fileEncoding = 4; lastKnownFileType = sourcecode.swift; path = LectureDetailTableViewController.swift; sourceTree = "<group>"; };
		2A38A2E31C8B62990050B18B /* LectureDetailView.swift */ = {isa = PBXFileReference; fileEncoding = 4; lastKnownFileType = sourcecode.swift; path = LectureDetailView.swift; sourceTree = "<group>"; };
		2A4540441C674F5700B33393 /* SHUtil.framework */ = {isa = PBXFileReference; lastKnownFileType = wrapper.framework; name = SHUtil.framework; path = "SHUtil/build/Debug-iphoneos/SHUtil.framework"; sourceTree = "<group>"; };
		2A4540491C67669300B33393 /* SHUtil.framework */ = {isa = PBXFileReference; lastKnownFileType = wrapper.framework; name = SHUtil.framework; path = "Build/Products/Debug-iphoneos/SHUtil.framework"; sourceTree = "<group>"; };
		2A45404D1C67943300B33393 /* kyutech-Bridging-Header.h */ = {isa = PBXFileReference; lastKnownFileType = sourcecode.c.h; path = "kyutech-Bridging-Header.h"; sourceTree = "<group>"; };
		2A45404E1C67943300B33393 /* dev-kyutech-Bridging-Header.h */ = {isa = PBXFileReference; lastKnownFileType = sourcecode.c.h; path = "dev-kyutech-Bridging-Header.h"; sourceTree = "<group>"; };
		2A4540531C67957000B33393 /* NoticeNavigationController.swift */ = {isa = PBXFileReference; fileEncoding = 4; lastKnownFileType = sourcecode.swift; path = NoticeNavigationController.swift; sourceTree = "<group>"; };
		2A4540561C6797A600B33393 /* RootNoticeViewController.swift */ = {isa = PBXFileReference; fileEncoding = 4; lastKnownFileType = sourcecode.swift; path = RootNoticeViewController.swift; sourceTree = "<group>"; };
		2A4540591C679C2800B33393 /* MenuTableViewController.swift */ = {isa = PBXFileReference; fileEncoding = 4; lastKnownFileType = sourcecode.swift; path = MenuTableViewController.swift; sourceTree = "<group>"; };
		2A45405C1C67A47C00B33393 /* CategoryModel.swift */ = {isa = PBXFileReference; fileEncoding = 4; lastKnownFileType = sourcecode.swift; path = CategoryModel.swift; sourceTree = "<group>"; };
		2A4A6BD91C64C4F600B4BD6F /* Splash.storyboard */ = {isa = PBXFileReference; fileEncoding = 4; lastKnownFileType = file.storyboard; path = Splash.storyboard; sourceTree = "<group>"; };
		2A4A6BDD1C64CEC600B4BD6F /* Lecture.storyboard */ = {isa = PBXFileReference; fileEncoding = 4; lastKnownFileType = file.storyboard; path = Lecture.storyboard; sourceTree = "<group>"; };
		2A4A6BE01C64CED200B4BD6F /* Notice.storyboard */ = {isa = PBXFileReference; fileEncoding = 4; lastKnownFileType = file.storyboard; path = Notice.storyboard; sourceTree = "<group>"; };
		2A4A6BE31C64CEDA00B4BD6F /* Access.storyboard */ = {isa = PBXFileReference; fileEncoding = 4; lastKnownFileType = file.storyboard; path = Access.storyboard; sourceTree = "<group>"; };
		2A4A6BE61C64CEE200B4BD6F /* Setting.storyboard */ = {isa = PBXFileReference; fileEncoding = 4; lastKnownFileType = file.storyboard; path = Setting.storyboard; sourceTree = "<group>"; };
		2A4A6BE91C64D7FE00B4BD6F /* RootTabBarController.swift */ = {isa = PBXFileReference; fileEncoding = 4; lastKnownFileType = sourcecode.swift; path = RootTabBarController.swift; sourceTree = "<group>"; };
		2A4A6BF31C64ED2600B4BD6F /* NoticeDetail.storyboard */ = {isa = PBXFileReference; fileEncoding = 4; lastKnownFileType = file.storyboard; path = NoticeDetail.storyboard; sourceTree = "<group>"; };
		2A4A6BFD1C64F49E00B4BD6F /* NoticeViewController.swift */ = {isa = PBXFileReference; fileEncoding = 4; lastKnownFileType = sourcecode.swift; path = NoticeViewController.swift; sourceTree = "<group>"; };
		2A4A6C011C64F73100B4BD6F /* Notice.swift */ = {isa = PBXFileReference; fileEncoding = 4; lastKnownFileType = sourcecode.swift; path = Notice.swift; sourceTree = "<group>"; };
		2A4A6C041C64F7BF00B4BD6F /* NoticeDetailViewController.swift */ = {isa = PBXFileReference; fileEncoding = 4; lastKnownFileType = sourcecode.swift; path = NoticeDetailViewController.swift; sourceTree = "<group>"; };
		2A4A6C081C6623D800B4BD6F /* NoticeModel.swift */ = {isa = PBXFileReference; fileEncoding = 4; lastKnownFileType = sourcecode.swift; path = NoticeModel.swift; sourceTree = "<group>"; };
		2A4A6C0B1C663F4C00B4BD6F /* APIService.swift */ = {isa = PBXFileReference; fileEncoding = 4; lastKnownFileType = sourcecode.swift; path = APIService.swift; sourceTree = "<group>"; };
		2A4A6C0E1C66557600B4BD6F /* Kyutech.swift */ = {isa = PBXFileReference; fileEncoding = 4; lastKnownFileType = sourcecode.swift; path = Kyutech.swift; sourceTree = "<group>"; };
		2A4A6C111C66570700B4BD6F /* Alamofire+SwiftyJSON.swift */ = {isa = PBXFileReference; fileEncoding = 4; lastKnownFileType = sourcecode.swift; path = "Alamofire+SwiftyJSON.swift"; sourceTree = "<group>"; };
		2A5BB4901C7C157900F64A2D /* Access.swift */ = {isa = PBXFileReference; fileEncoding = 4; lastKnownFileType = sourcecode.swift; path = Access.swift; sourceTree = "<group>"; };
		2A5BB4931C7C158200F64A2D /* Direction.swift */ = {isa = PBXFileReference; fileEncoding = 4; lastKnownFileType = sourcecode.swift; path = Direction.swift; sourceTree = "<group>"; };
		2A5BB4961C7C158E00F64A2D /* TimeTable.swift */ = {isa = PBXFileReference; fileEncoding = 4; lastKnownFileType = sourcecode.swift; path = TimeTable.swift; sourceTree = "<group>"; };
		2A5BB4991C7C15AA00F64A2D /* AccessModel.swift */ = {isa = PBXFileReference; fileEncoding = 4; lastKnownFileType = sourcecode.swift; path = AccessModel.swift; sourceTree = "<group>"; };
		2A5D969F1C6A7D7100E1DF80 /* NoticeView.swift */ = {isa = PBXFileReference; fileEncoding = 4; lastKnownFileType = sourcecode.swift; path = NoticeView.swift; sourceTree = "<group>"; };
		2A5D96A21C6A8D5900E1DF80 /* NoticeTableView.swift */ = {isa = PBXFileReference; fileEncoding = 4; lastKnownFileType = sourcecode.swift; path = NoticeTableView.swift; sourceTree = "<group>"; };
		2A5D96A51C6A967800E1DF80 /* NoticeDetailView.swift */ = {isa = PBXFileReference; fileEncoding = 4; lastKnownFileType = sourcecode.swift; path = NoticeDetailView.swift; sourceTree = "<group>"; };
		2A642D571C6FBB7700098E99 /* SubjectTableViewController.swift */ = {isa = PBXFileReference; fileEncoding = 4; lastKnownFileType = sourcecode.swift; path = SubjectTableViewController.swift; sourceTree = "<group>"; };
		2A6A08661C6EBFEF004B1EC2 /* RealmData.swift */ = {isa = PBXFileReference; fileEncoding = 4; lastKnownFileType = sourcecode.swift; path = RealmData.swift; sourceTree = "<group>"; };
		2A7A7C431C69360D00BEE966 /* dev-api.plist */ = {isa = PBXFileReference; fileEncoding = 4; lastKnownFileType = text.plist.xml; path = "dev-api.plist"; sourceTree = "<group>"; };
		2A7A7C451C69361A00BEE966 /* api.plist */ = {isa = PBXFileReference; fileEncoding = 4; lastKnownFileType = text.plist.xml; path = api.plist; sourceTree = "<group>"; };
		2A82282F1C6F959B00F3AB7B /* TermTableViewController.swift */ = {isa = PBXFileReference; fileEncoding = 4; lastKnownFileType = sourcecode.swift; path = TermTableViewController.swift; sourceTree = "<group>"; };
		2A9A954F1C5CBB84007BDA52 /* kyutech.app */ = {isa = PBXFileReference; explicitFileType = wrapper.application; includeInIndex = 0; path = kyutech.app; sourceTree = BUILT_PRODUCTS_DIR; };
		2A9A95521C5CBB84007BDA52 /* AppDelegate.swift */ = {isa = PBXFileReference; lastKnownFileType = sourcecode.swift; path = AppDelegate.swift; sourceTree = "<group>"; };
		2A9A95571C5CBB84007BDA52 /* Base */ = {isa = PBXFileReference; lastKnownFileType = file.storyboard; name = Base; path = Base.lproj/Main.storyboard; sourceTree = "<group>"; };
		2A9A95591C5CBB84007BDA52 /* Assets.xcassets */ = {isa = PBXFileReference; lastKnownFileType = folder.assetcatalog; path = Assets.xcassets; sourceTree = "<group>"; };
		2A9A955C1C5CBB84007BDA52 /* Base */ = {isa = PBXFileReference; lastKnownFileType = file.storyboard; name = Base; path = Base.lproj/LaunchScreen.storyboard; sourceTree = "<group>"; };
		2A9A955E1C5CBB84007BDA52 /* Info.plist */ = {isa = PBXFileReference; lastKnownFileType = text.plist.xml; path = Info.plist; sourceTree = "<group>"; };
		2A9A95631C5CBB84007BDA52 /* kyutechTests.xctest */ = {isa = PBXFileReference; explicitFileType = wrapper.cfbundle; includeInIndex = 0; path = kyutechTests.xctest; sourceTree = BUILT_PRODUCTS_DIR; };
		2A9A95671C5CBB84007BDA52 /* kyutechTests.swift */ = {isa = PBXFileReference; lastKnownFileType = sourcecode.swift; path = kyutechTests.swift; sourceTree = "<group>"; };
		2A9A95691C5CBB84007BDA52 /* Info.plist */ = {isa = PBXFileReference; lastKnownFileType = text.plist.xml; path = Info.plist; sourceTree = "<group>"; };
		2A9A956E1C5CBB84007BDA52 /* kyutechUITests.xctest */ = {isa = PBXFileReference; explicitFileType = wrapper.cfbundle; includeInIndex = 0; path = kyutechUITests.xctest; sourceTree = BUILT_PRODUCTS_DIR; };
		2A9A95721C5CBB84007BDA52 /* kyutechUITests.swift */ = {isa = PBXFileReference; lastKnownFileType = sourcecode.swift; path = kyutechUITests.swift; sourceTree = "<group>"; };
		2A9A95741C5CBB84007BDA52 /* Info.plist */ = {isa = PBXFileReference; lastKnownFileType = text.plist.xml; path = Info.plist; sourceTree = "<group>"; };
		2A9A959C1C5D19D0007BDA52 /* kyutech.entitlements */ = {isa = PBXFileReference; lastKnownFileType = text.xml; path = kyutech.entitlements; sourceTree = "<group>"; };
		2A9A959E1C5D2421007BDA52 /* Config.swift */ = {isa = PBXFileReference; fileEncoding = 4; lastKnownFileType = sourcecode.swift; path = Config.swift; sourceTree = "<group>"; };
		2ABF85941C7C361B00B4998E /* AccessViewController.swift */ = {isa = PBXFileReference; fileEncoding = 4; lastKnownFileType = sourcecode.swift; path = AccessViewController.swift; sourceTree = "<group>"; };
		2ABF85981C7C36D300B4998E /* AccessView.swift */ = {isa = PBXFileReference; fileEncoding = 4; lastKnownFileType = sourcecode.swift; path = AccessView.swift; sourceTree = "<group>"; };
		2ADA7D891C6975730054A771 /* kyutech-dev.app */ = {isa = PBXFileReference; explicitFileType = wrapper.application; includeInIndex = 0; path = "kyutech-dev.app"; sourceTree = BUILT_PRODUCTS_DIR; };
		2ADA7D8B1C6977160054A771 /* kyutech-dev.plist */ = {isa = PBXFileReference; fileEncoding = 4; lastKnownFileType = text.plist.xml; path = "kyutech-dev.plist"; sourceTree = "<group>"; };
		2ADA7D8E1C6A6BEE0054A771 /* MenuTableView.swift */ = {isa = PBXFileReference; fileEncoding = 4; lastKnownFileType = sourcecode.swift; path = MenuTableView.swift; sourceTree = "<group>"; };
		2AEF74221C6AD53200C10205 /* LectureCollectionViewController.swift */ = {isa = PBXFileReference; fileEncoding = 4; lastKnownFileType = sourcecode.swift; path = LectureCollectionViewController.swift; sourceTree = "<group>"; };
		2AEF742A1C6BA49800C10205 /* LectureCollectionView.swift */ = {isa = PBXFileReference; fileEncoding = 4; lastKnownFileType = sourcecode.swift; path = LectureCollectionView.swift; sourceTree = "<group>"; };
		2AEF742D1C6BA5B700C10205 /* Lecture.swift */ = {isa = PBXFileReference; fileEncoding = 4; lastKnownFileType = sourcecode.swift; path = Lecture.swift; sourceTree = "<group>"; };
		2AEF74301C6BA76200C10205 /* LectureModel.swift */ = {isa = PBXFileReference; fileEncoding = 4; lastKnownFileType = sourcecode.swift; path = LectureModel.swift; sourceTree = "<group>"; };
		2AEF74361C6BBD7400C10205 /* LectureCollectionViewCell.swift */ = {isa = PBXFileReference; fileEncoding = 4; lastKnownFileType = sourcecode.swift; path = LectureCollectionViewCell.swift; sourceTree = "<group>"; };
		2AEF74371C6BBD7400C10205 /* LectureCollectionViewCell.xib */ = {isa = PBXFileReference; fileEncoding = 4; lastKnownFileType = file.xib; path = LectureCollectionViewCell.xib; sourceTree = "<group>"; };
		2AFFAFA11C6FCD7A00ACD168 /* SubjectTableViewCell.swift */ = {isa = PBXFileReference; fileEncoding = 4; lastKnownFileType = sourcecode.swift; path = SubjectTableViewCell.swift; sourceTree = "<group>"; };
		2AFFAFA21C6FCD7A00ACD168 /* SubjectTableViewCell.xib */ = {isa = PBXFileReference; fileEncoding = 4; lastKnownFileType = file.xib; path = SubjectTableViewCell.xib; sourceTree = "<group>"; };
		2AFFAFA71C7028DA00ACD168 /* SubjectTableView.swift */ = {isa = PBXFileReference; fileEncoding = 4; lastKnownFileType = sourcecode.swift; path = SubjectTableView.swift; sourceTree = "<group>"; };
		54F0A4613E3F6BCD606724CB /* Pods.debug.xcconfig */ = {isa = PBXFileReference; includeInIndex = 1; lastKnownFileType = text.xcconfig; name = Pods.debug.xcconfig; path = "Pods/Target Support Files/Pods/Pods.debug.xcconfig"; sourceTree = "<group>"; };
		5ECE5AD4EA2C759CE1152BFC /* Pods.framework */ = {isa = PBXFileReference; explicitFileType = wrapper.framework; includeInIndex = 0; path = Pods.framework; sourceTree = BUILT_PRODUCTS_DIR; };
		C1F64317C9D0F1507FCB9A4E /* Pods.release.xcconfig */ = {isa = PBXFileReference; includeInIndex = 1; lastKnownFileType = text.xcconfig; name = Pods.release.xcconfig; path = "Pods/Target Support Files/Pods/Pods.release.xcconfig"; sourceTree = "<group>"; };
/* End PBXFileReference section */

/* Begin PBXFrameworksBuildPhase section */
		2A9A954C1C5CBB84007BDA52 /* Frameworks */ = {
			isa = PBXFrameworksBuildPhase;
			buildActionMask = 2147483647;
			files = (
				2A45404A1C67669300B33393 /* SHUtil.framework in Frameworks */,
				CFB0B282FB4A0C06B2B3695F /* Pods.framework in Frameworks */,
			);
			runOnlyForDeploymentPostprocessing = 0;
		};
		2A9A95601C5CBB84007BDA52 /* Frameworks */ = {
			isa = PBXFrameworksBuildPhase;
			buildActionMask = 2147483647;
			files = (
			);
			runOnlyForDeploymentPostprocessing = 0;
		};
		2A9A956B1C5CBB84007BDA52 /* Frameworks */ = {
			isa = PBXFrameworksBuildPhase;
			buildActionMask = 2147483647;
			files = (
			);
			runOnlyForDeploymentPostprocessing = 0;
		};
		2ADA7D721C6975730054A771 /* Frameworks */ = {
			isa = PBXFrameworksBuildPhase;
			buildActionMask = 2147483647;
			files = (
				2ADA7D731C6975730054A771 /* SHUtil.framework in Frameworks */,
				2ADA7D741C6975730054A771 /* Pods.framework in Frameworks */,
			);
			runOnlyForDeploymentPostprocessing = 0;
		};
/* End PBXFrameworksBuildPhase section */

/* Begin PBXGroup section */
		2253501736C1D923C6FBAEB4 /* Pods */ = {
			isa = PBXGroup;
			children = (
				54F0A4613E3F6BCD606724CB /* Pods.debug.xcconfig */,
				C1F64317C9D0F1507FCB9A4E /* Pods.release.xcconfig */,
			);
			name = Pods;
			sourceTree = "<group>";
		};
		2A4540521C67945300B33393 /* Header */ = {
			isa = PBXGroup;
			children = (
				2A45404D1C67943300B33393 /* kyutech-Bridging-Header.h */,
				2A45404E1C67943300B33393 /* dev-kyutech-Bridging-Header.h */,
			);
			name = Header;
			sourceTree = "<group>";
		};
		2A4A6BEC1C64EC8300B4BD6F /* Splash */ = {
			isa = PBXGroup;
			children = (
				2A9A955B1C5CBB84007BDA52 /* LaunchScreen.storyboard */,
				2A4A6BD91C64C4F600B4BD6F /* Splash.storyboard */,
			);
			name = Splash;
			sourceTree = "<group>";
		};
		2A4A6BED1C64EC9000B4BD6F /* TabBar */ = {
			isa = PBXGroup;
			children = (
				2A9A95561C5CBB84007BDA52 /* Main.storyboard */,
			);
			name = TabBar;
			sourceTree = "<group>";
		};
		2A4A6BEE1C64ECA200B4BD6F /* Lecture */ = {
			isa = PBXGroup;
			children = (
				2A4A6BDD1C64CEC600B4BD6F /* Lecture.storyboard */,
			);
			name = Lecture;
			sourceTree = "<group>";
		};
		2A4A6BEF1C64ECA500B4BD6F /* Access */ = {
			isa = PBXGroup;
			children = (
				2A4A6BE31C64CEDA00B4BD6F /* Access.storyboard */,
			);
			name = Access;
			sourceTree = "<group>";
		};
		2A4A6BF01C64ECA700B4BD6F /* Notice */ = {
			isa = PBXGroup;
			children = (
				2A4A6BE01C64CED200B4BD6F /* Notice.storyboard */,
				2A4A6BF31C64ED2600B4BD6F /* NoticeDetail.storyboard */,
			);
			name = Notice;
			sourceTree = "<group>";
		};
		2A4A6BF11C64ECA900B4BD6F /* Setting */ = {
			isa = PBXGroup;
			children = (
				2A4A6BE61C64CEE200B4BD6F /* Setting.storyboard */,
			);
			name = Setting;
			sourceTree = "<group>";
		};
		2A4A6BF21C64ECEA00B4BD6F /* TabBar */ = {
			isa = PBXGroup;
			children = (
				2A4A6BE91C64D7FE00B4BD6F /* RootTabBarController.swift */,
			);
			name = TabBar;
			sourceTree = "<group>";
		};
		2A4A6BFB1C64F48400B4BD6F /* Notice */ = {
			isa = PBXGroup;
			children = (
				2A4540561C6797A600B33393 /* RootNoticeViewController.swift */,
				2A4540531C67957000B33393 /* NoticeNavigationController.swift */,
				2A4A6BFD1C64F49E00B4BD6F /* NoticeViewController.swift */,
				2A4A6C041C64F7BF00B4BD6F /* NoticeDetailViewController.swift */,
				2A4540591C679C2800B33393 /* MenuTableViewController.swift */,
			);
			name = Notice;
			sourceTree = "<group>";
		};
		2A4A6C071C661CC600B4BD6F /* Entity */ = {
			isa = PBXGroup;
			children = (
				2A4A6C011C64F73100B4BD6F /* Notice.swift */,
				2AEF742D1C6BA5B700C10205 /* Lecture.swift */,
				2A5BB4901C7C157900F64A2D /* Access.swift */,
				2A5BB4931C7C158200F64A2D /* Direction.swift */,
				2A5BB4961C7C158E00F64A2D /* TimeTable.swift */,
			);
			name = Entity;
			sourceTree = "<group>";
		};
		2A642D561C6FBB5A00098E99 /* Subject */ = {
			isa = PBXGroup;
			children = (
				2A642D571C6FBB7700098E99 /* SubjectTableViewController.swift */,
			);
			name = Subject;
			sourceTree = "<group>";
		};
		2A82282E1C6F956E00F3AB7B /* Term */ = {
			isa = PBXGroup;
			children = (
				2A82282F1C6F959B00F3AB7B /* TermTableViewController.swift */,
			);
			name = Term;
			sourceTree = "<group>";
		};
		2A9A95461C5CBB84007BDA52 = {
			isa = PBXGroup;
			children = (
				2A9A95511C5CBB84007BDA52 /* kyutech */,
				2A9A95661C5CBB84007BDA52 /* kyutechTests */,
				2A9A95711C5CBB84007BDA52 /* kyutechUITests */,
				2A9A95501C5CBB84007BDA52 /* Products */,
				2253501736C1D923C6FBAEB4 /* Pods */,
				EC4AE5376D2B36808E10A2DC /* Frameworks */,
			);
			sourceTree = "<group>";
		};
		2A9A95501C5CBB84007BDA52 /* Products */ = {
			isa = PBXGroup;
			children = (
				2A9A954F1C5CBB84007BDA52 /* kyutech.app */,
				2A9A95631C5CBB84007BDA52 /* kyutechTests.xctest */,
				2A9A956E1C5CBB84007BDA52 /* kyutechUITests.xctest */,
				2ADA7D891C6975730054A771 /* kyutech-dev.app */,
			);
			name = Products;
			sourceTree = "<group>";
		};
		2A9A95511C5CBB84007BDA52 /* kyutech */ = {
			isa = PBXGroup;
			children = (
				2A9A95811C5CBB93007BDA52 /* Classes */,
				2A9A95801C5CBB8E007BDA52 /* Resources */,
			);
			path = kyutech;
			sourceTree = "<group>";
		};
		2A9A95661C5CBB84007BDA52 /* kyutechTests */ = {
			isa = PBXGroup;
			children = (
				2A9A95671C5CBB84007BDA52 /* kyutechTests.swift */,
				2A9A95691C5CBB84007BDA52 /* Info.plist */,
			);
			path = kyutechTests;
			sourceTree = "<group>";
		};
		2A9A95711C5CBB84007BDA52 /* kyutechUITests */ = {
			isa = PBXGroup;
			children = (
				2A9A95721C5CBB84007BDA52 /* kyutechUITests.swift */,
				2A9A95741C5CBB84007BDA52 /* Info.plist */,
			);
			path = kyutechUITests;
			sourceTree = "<group>";
		};
		2A9A95801C5CBB8E007BDA52 /* Resources */ = {
			isa = PBXGroup;
			children = (
				2A9A95591C5CBB84007BDA52 /* Assets.xcassets */,
			);
			name = Resources;
			sourceTree = "<group>";
		};
		2A9A95811C5CBB93007BDA52 /* Classes */ = {
			isa = PBXGroup;
			children = (
				2A9A95521C5CBB84007BDA52 /* AppDelegate.swift */,
				2A9A95851C5CBCBA007BDA52 /* Controller */,
				2A9A95831C5CBCA5007BDA52 /* View */,
				2A9A95841C5CBCBA007BDA52 /* Model */,
				2A9A95881C5CBCED007BDA52 /* Layout */,
				2A9A95871C5CBCE7007BDA52 /* Utility */,
				2A9A95821C5CBC8B007BDA52 /* Config */,
			);
			name = Classes;
			sourceTree = "<group>";
		};
		2A9A95821C5CBC8B007BDA52 /* Config */ = {
			isa = PBXGroup;
			children = (
				2A4540521C67945300B33393 /* Header */,
				2A4A6C0B1C663F4C00B4BD6F /* APIService.swift */,
				2A9A959E1C5D2421007BDA52 /* Config.swift */,
				2A4A6C0E1C66557600B4BD6F /* Kyutech.swift */,
				2A9A959C1C5D19D0007BDA52 /* kyutech.entitlements */,
				2A9A95891C5CBD49007BDA52 /* plist */,
			);
			name = Config;
			sourceTree = "<group>";
		};
		2A9A95831C5CBCA5007BDA52 /* View */ = {
			isa = PBXGroup;
			children = (
				2ABF85971C7C36B500B4998E /* Access */,
				2AEF74261C6BA43100C10205 /* Lecture */,
				2AEF74251C6BA41E00C10205 /* Notice */,
			);
			name = View;
			sourceTree = "<group>";
		};
		2A9A95841C5CBCBA007BDA52 /* Model */ = {
			isa = PBXGroup;
			children = (
				2A6A08661C6EBFEF004B1EC2 /* RealmData.swift */,
				2A4A6C081C6623D800B4BD6F /* NoticeModel.swift */,
				2A45405C1C67A47C00B33393 /* CategoryModel.swift */,
				2AEF74301C6BA76200C10205 /* LectureModel.swift */,
				2A5BB4991C7C15AA00F64A2D /* AccessModel.swift */,
				2A4A6C071C661CC600B4BD6F /* Entity */,
			);
			name = Model;
			sourceTree = "<group>";
		};
		2A9A95851C5CBCBA007BDA52 /* Controller */ = {
			isa = PBXGroup;
			children = (
				2ABF85931C7C35EB00B4998E /* Access */,
				2AEF74211C6AD4DD00C10205 /* Lecture */,
				2A4A6BFB1C64F48400B4BD6F /* Notice */,
				2A4A6BF21C64ECEA00B4BD6F /* TabBar */,
				2A9A95861C5CBCBB007BDA52 /* Splash */,
			);
			name = Controller;
			sourceTree = "<group>";
		};
		2A9A95861C5CBCBB007BDA52 /* Splash */ = {
			isa = PBXGroup;
			children = (
				2A2C332E1C62AF5F00676BA6 /* SplashViewController.swift */,
			);
			name = Splash;
			sourceTree = "<group>";
		};
		2A9A95871C5CBCE7007BDA52 /* Utility */ = {
			isa = PBXGroup;
			children = (
				2A4A6C111C66570700B4BD6F /* Alamofire+SwiftyJSON.swift */,
			);
			name = Utility;
			sourceTree = "<group>";
		};
		2A9A95881C5CBCED007BDA52 /* Layout */ = {
			isa = PBXGroup;
			children = (
				2A4A6BF11C64ECA900B4BD6F /* Setting */,
				2A4A6BF01C64ECA700B4BD6F /* Notice */,
				2A4A6BEF1C64ECA500B4BD6F /* Access */,
				2A4A6BEE1C64ECA200B4BD6F /* Lecture */,
				2A4A6BED1C64EC9000B4BD6F /* TabBar */,
				2A4A6BEC1C64EC8300B4BD6F /* Splash */,
			);
			name = Layout;
			sourceTree = "<group>";
		};
		2A9A95891C5CBD49007BDA52 /* plist */ = {
			isa = PBXGroup;
			children = (
				2A9A958B1C5CBD56007BDA52 /* dev */,
				2A9A958A1C5CBD55007BDA52 /* puroduction */,
			);
			name = plist;
			sourceTree = "<group>";
		};
		2A9A958A1C5CBD55007BDA52 /* puroduction */ = {
			isa = PBXGroup;
			children = (
				2A9A955E1C5CBB84007BDA52 /* Info.plist */,
				2A7A7C451C69361A00BEE966 /* api.plist */,
			);
			name = puroduction;
			sourceTree = "<group>";
		};
		2A9A958B1C5CBD56007BDA52 /* dev */ = {
			isa = PBXGroup;
			children = (
				2ADA7D8B1C6977160054A771 /* kyutech-dev.plist */,
				2A7A7C431C69360D00BEE966 /* dev-api.plist */,
			);
			name = dev;
			sourceTree = "<group>";
		};
		2ABF85931C7C35EB00B4998E /* Access */ = {
			isa = PBXGroup;
			children = (
				2ABF85941C7C361B00B4998E /* AccessViewController.swift */,
			);
			name = Access;
			sourceTree = "<group>";
		};
		2ABF85971C7C36B500B4998E /* Access */ = {
			isa = PBXGroup;
			children = (
				2ABF85981C7C36D300B4998E /* AccessView.swift */,
			);
			name = Access;
			sourceTree = "<group>";
		};
		2AEF74211C6AD4DD00C10205 /* Lecture */ = {
			isa = PBXGroup;
			children = (
				2AEF74221C6AD53200C10205 /* LectureCollectionViewController.swift */,
				2A38A2E01C8B59E40050B18B /* LectureDetailTableViewController.swift */,
				2A642D561C6FBB5A00098E99 /* Subject */,
				2A82282E1C6F956E00F3AB7B /* Term */,
			);
			name = Lecture;
			sourceTree = "<group>";
		};
		2AEF74251C6BA41E00C10205 /* Notice */ = {
			isa = PBXGroup;
			children = (
				2ADA7D8E1C6A6BEE0054A771 /* MenuTableView.swift */,
				2A5D969F1C6A7D7100E1DF80 /* NoticeView.swift */,
				2A5D96A21C6A8D5900E1DF80 /* NoticeTableView.swift */,
				2A5D96A51C6A967800E1DF80 /* NoticeDetailView.swift */,
			);
			name = Notice;
			sourceTree = "<group>";
		};
		2AEF74261C6BA43100C10205 /* Lecture */ = {
			isa = PBXGroup;
			children = (
				2AFFAFA01C6FCCFE00ACD168 /* subject */,
				2AEF742A1C6BA49800C10205 /* LectureCollectionView.swift */,
				2A38A2E31C8B62990050B18B /* LectureDetailView.swift */,
				2AEF74361C6BBD7400C10205 /* LectureCollectionViewCell.swift */,
				2AEF74371C6BBD7400C10205 /* LectureCollectionViewCell.xib */,
			);
			name = Lecture;
			sourceTree = "<group>";
		};
		2AFFAFA01C6FCCFE00ACD168 /* subject */ = {
			isa = PBXGroup;
			children = (
				2AFFAFA71C7028DA00ACD168 /* SubjectTableView.swift */,
				2AFFAFA11C6FCD7A00ACD168 /* SubjectTableViewCell.swift */,
				2AFFAFA21C6FCD7A00ACD168 /* SubjectTableViewCell.xib */,
			);
			name = subject;
			sourceTree = "<group>";
		};
		EC4AE5376D2B36808E10A2DC /* Frameworks */ = {
			isa = PBXGroup;
			children = (
				2A4540491C67669300B33393 /* SHUtil.framework */,
				2A4540441C674F5700B33393 /* SHUtil.framework */,
				5ECE5AD4EA2C759CE1152BFC /* Pods.framework */,
			);
			name = Frameworks;
			sourceTree = "<group>";
		};
/* End PBXGroup section */

/* Begin PBXNativeTarget section */
		2A9A954E1C5CBB84007BDA52 /* kyutech */ = {
			isa = PBXNativeTarget;
			buildConfigurationList = 2A9A95771C5CBB84007BDA52 /* Build configuration list for PBXNativeTarget "kyutech" */;
			buildPhases = (
				F373D7A0C33EA6A2A07B2494 /* Check Pods Manifest.lock */,
				2A9A954B1C5CBB84007BDA52 /* Sources */,
				2A9A954C1C5CBB84007BDA52 /* Frameworks */,
				2A9A954D1C5CBB84007BDA52 /* Resources */,
				571B9D1F7A6F47BC1F423EBE /* Embed Pods Frameworks */,
				D764239E8729A717563B1FD9 /* Copy Pods Resources */,
				2A9A959D1C5D2253007BDA52 /* ShellScript */,
				2A4540471C6762BC00B33393 /* CopyFiles */,
			);
			buildRules = (
			);
			dependencies = (
			);
			name = kyutech;
			productName = kyutech;
			productReference = 2A9A954F1C5CBB84007BDA52 /* kyutech.app */;
			productType = "com.apple.product-type.application";
		};
		2A9A95621C5CBB84007BDA52 /* kyutechTests */ = {
			isa = PBXNativeTarget;
			buildConfigurationList = 2A9A957A1C5CBB84007BDA52 /* Build configuration list for PBXNativeTarget "kyutechTests" */;
			buildPhases = (
				2A9A955F1C5CBB84007BDA52 /* Sources */,
				2A9A95601C5CBB84007BDA52 /* Frameworks */,
				2A9A95611C5CBB84007BDA52 /* Resources */,
			);
			buildRules = (
			);
			dependencies = (
				2A9A95651C5CBB84007BDA52 /* PBXTargetDependency */,
			);
			name = kyutechTests;
			productName = kyutechTests;
			productReference = 2A9A95631C5CBB84007BDA52 /* kyutechTests.xctest */;
			productType = "com.apple.product-type.bundle.unit-test";
		};
		2A9A956D1C5CBB84007BDA52 /* kyutechUITests */ = {
			isa = PBXNativeTarget;
			buildConfigurationList = 2A9A957D1C5CBB84007BDA52 /* Build configuration list for PBXNativeTarget "kyutechUITests" */;
			buildPhases = (
				2A9A956A1C5CBB84007BDA52 /* Sources */,
				2A9A956B1C5CBB84007BDA52 /* Frameworks */,
				2A9A956C1C5CBB84007BDA52 /* Resources */,
			);
			buildRules = (
			);
			dependencies = (
				2A9A95701C5CBB84007BDA52 /* PBXTargetDependency */,
			);
			name = kyutechUITests;
			productName = kyutechUITests;
			productReference = 2A9A956E1C5CBB84007BDA52 /* kyutechUITests.xctest */;
			productType = "com.apple.product-type.bundle.ui-testing";
		};
		2ADA7D601C6975730054A771 /* kyutech-dev */ = {
			isa = PBXNativeTarget;
			buildConfigurationList = 2ADA7D861C6975730054A771 /* Build configuration list for PBXNativeTarget "kyutech-dev" */;
			buildPhases = (
				2ADA7D611C6975730054A771 /* Check Pods Manifest.lock */,
				2ADA7D621C6975730054A771 /* Sources */,
				2ADA7D721C6975730054A771 /* Frameworks */,
				2ADA7D751C6975730054A771 /* Resources */,
				2ADA7D811C6975730054A771 /* Embed Pods Frameworks */,
				2ADA7D821C6975730054A771 /* Copy Pods Resources */,
				2ADA7D831C6975730054A771 /* ShellScript */,
				2ADA7D841C6975730054A771 /* CopyFiles */,
			);
			buildRules = (
			);
			dependencies = (
			);
			name = "kyutech-dev";
			productName = kyutech;
			productReference = 2ADA7D891C6975730054A771 /* kyutech-dev.app */;
			productType = "com.apple.product-type.application";
		};
/* End PBXNativeTarget section */

/* Begin PBXProject section */
		2A9A95471C5CBB84007BDA52 /* Project object */ = {
			isa = PBXProject;
			attributes = {
				LastSwiftUpdateCheck = 0720;
				LastUpgradeCheck = 0720;
				ORGANIZATIONNAME = "shogo okamuro";
				TargetAttributes = {
					2A9A954E1C5CBB84007BDA52 = {
						CreatedOnToolsVersion = 7.2;
						DevelopmentTeam = 2E5E462W28;
						SystemCapabilities = {
							com.apple.SafariKeychain = {
								enabled = 1;
							};
						};
					};
					2A9A95621C5CBB84007BDA52 = {
						CreatedOnToolsVersion = 7.2;
						TestTargetID = 2A9A954E1C5CBB84007BDA52;
					};
					2A9A956D1C5CBB84007BDA52 = {
						CreatedOnToolsVersion = 7.2;
						TestTargetID = 2A9A954E1C5CBB84007BDA52;
					};
					2ADA7D601C6975730054A771 = {
						DevelopmentTeam = 2E5E462W28;
					};
				};
			};
			buildConfigurationList = 2A9A954A1C5CBB84007BDA52 /* Build configuration list for PBXProject "kyutech" */;
			compatibilityVersion = "Xcode 3.2";
			developmentRegion = English;
			hasScannedForEncodings = 0;
			knownRegions = (
				en,
				Base,
			);
			mainGroup = 2A9A95461C5CBB84007BDA52;
			productRefGroup = 2A9A95501C5CBB84007BDA52 /* Products */;
			projectDirPath = "";
			projectRoot = "";
			targets = (
				2A9A954E1C5CBB84007BDA52 /* kyutech */,
				2ADA7D601C6975730054A771 /* kyutech-dev */,
				2A9A95621C5CBB84007BDA52 /* kyutechTests */,
				2A9A956D1C5CBB84007BDA52 /* kyutechUITests */,
			);
		};
/* End PBXProject section */

/* Begin PBXResourcesBuildPhase section */
		2A9A954D1C5CBB84007BDA52 /* Resources */ = {
			isa = PBXResourcesBuildPhase;
			buildActionMask = 2147483647;
			files = (
				2A4A6BE41C64CEDA00B4BD6F /* Access.storyboard in Resources */,
				2A4A6BF41C64ED2600B4BD6F /* NoticeDetail.storyboard in Resources */,
				2AEF743A1C6BBD7400C10205 /* LectureCollectionViewCell.xib in Resources */,
				2A7A7C461C69361A00BEE966 /* api.plist in Resources */,
				2AFFAFA51C6FCD7A00ACD168 /* SubjectTableViewCell.xib in Resources */,
				2A9A955D1C5CBB84007BDA52 /* LaunchScreen.storyboard in Resources */,
				2A4A6BE11C64CED200B4BD6F /* Notice.storyboard in Resources */,
				2A9A955A1C5CBB84007BDA52 /* Assets.xcassets in Resources */,
				2A9A95581C5CBB84007BDA52 /* Main.storyboard in Resources */,
				2A4A6BE71C64CEE200B4BD6F /* Setting.storyboard in Resources */,
				2A4A6BDE1C64CEC600B4BD6F /* Lecture.storyboard in Resources */,
				2A4A6BDA1C64C4F600B4BD6F /* Splash.storyboard in Resources */,
			);
			runOnlyForDeploymentPostprocessing = 0;
		};
		2A9A95611C5CBB84007BDA52 /* Resources */ = {
			isa = PBXResourcesBuildPhase;
			buildActionMask = 2147483647;
			files = (
			);
			runOnlyForDeploymentPostprocessing = 0;
		};
		2A9A956C1C5CBB84007BDA52 /* Resources */ = {
			isa = PBXResourcesBuildPhase;
			buildActionMask = 2147483647;
			files = (
			);
			runOnlyForDeploymentPostprocessing = 0;
		};
		2ADA7D751C6975730054A771 /* Resources */ = {
			isa = PBXResourcesBuildPhase;
			buildActionMask = 2147483647;
			files = (
				2ADA7D761C6975730054A771 /* Access.storyboard in Resources */,
				2ADA7D771C6975730054A771 /* NoticeDetail.storyboard in Resources */,
				2ADA7D781C6975730054A771 /* api.plist in Resources */,
				2ADA7D8C1C6977160054A771 /* kyutech-dev.plist in Resources */,
				2ADA7D791C6975730054A771 /* LaunchScreen.storyboard in Resources */,
				2ADA7D7A1C6975730054A771 /* Notice.storyboard in Resources */,
				2AEF743B1C6BBD7400C10205 /* LectureCollectionViewCell.xib in Resources */,
				2ADA7D7B1C6975730054A771 /* Assets.xcassets in Resources */,
				2ADA7D7D1C6975730054A771 /* Main.storyboard in Resources */,
				2ADA7D7E1C6975730054A771 /* Setting.storyboard in Resources */,
				2ADA7D8D1C697AF10054A771 /* dev-api.plist in Resources */,
				2ADA7D7F1C6975730054A771 /* Lecture.storyboard in Resources */,
				2AFFAFA61C6FCD7A00ACD168 /* SubjectTableViewCell.xib in Resources */,
				2ADA7D801C6975730054A771 /* Splash.storyboard in Resources */,
			);
			runOnlyForDeploymentPostprocessing = 0;
		};
/* End PBXResourcesBuildPhase section */

/* Begin PBXShellScriptBuildPhase section */
		2A9A959D1C5D2253007BDA52 /* ShellScript */ = {
			isa = PBXShellScriptBuildPhase;
			buildActionMask = 2147483647;
			files = (
			);
			inputPaths = (
			);
			outputPaths = (
			);
			runOnlyForDeploymentPostprocessing = 0;
			shellPath = /bin/sh;
			shellScript = "\"${PODS_ROOT}/Fabric/run\" 04fddab44a5f9a163666dd7b683ad1c17139eafc 9d63ee9d2510047a553347a14d0f6d157d3e15b78adebd0084e85700c1f065c4";
		};
		2ADA7D611C6975730054A771 /* Check Pods Manifest.lock */ = {
			isa = PBXShellScriptBuildPhase;
			buildActionMask = 2147483647;
			files = (
			);
			inputPaths = (
			);
			name = "Check Pods Manifest.lock";
			outputPaths = (
			);
			runOnlyForDeploymentPostprocessing = 0;
			shellPath = /bin/sh;
			shellScript = "diff \"${PODS_ROOT}/../Podfile.lock\" \"${PODS_ROOT}/Manifest.lock\" > /dev/null\nif [[ $? != 0 ]] ; then\n    cat << EOM\nerror: The sandbox is not in sync with the Podfile.lock. Run 'pod install' or update your CocoaPods installation.\nEOM\n    exit 1\nfi\n";
			showEnvVarsInLog = 0;
		};
		2ADA7D811C6975730054A771 /* Embed Pods Frameworks */ = {
			isa = PBXShellScriptBuildPhase;
			buildActionMask = 2147483647;
			files = (
			);
			inputPaths = (
			);
			name = "Embed Pods Frameworks";
			outputPaths = (
			);
			runOnlyForDeploymentPostprocessing = 0;
			shellPath = /bin/sh;
			shellScript = "\"${SRCROOT}/Pods/Target Support Files/Pods/Pods-frameworks.sh\"\n";
			showEnvVarsInLog = 0;
		};
		2ADA7D821C6975730054A771 /* Copy Pods Resources */ = {
			isa = PBXShellScriptBuildPhase;
			buildActionMask = 2147483647;
			files = (
			);
			inputPaths = (
			);
			name = "Copy Pods Resources";
			outputPaths = (
			);
			runOnlyForDeploymentPostprocessing = 0;
			shellPath = /bin/sh;
			shellScript = "\"${SRCROOT}/Pods/Target Support Files/Pods/Pods-resources.sh\"\n";
			showEnvVarsInLog = 0;
		};
		2ADA7D831C6975730054A771 /* ShellScript */ = {
			isa = PBXShellScriptBuildPhase;
			buildActionMask = 2147483647;
			files = (
			);
			inputPaths = (
			);
			outputPaths = (
			);
			runOnlyForDeploymentPostprocessing = 0;
			shellPath = /bin/sh;
			shellScript = "\"${PODS_ROOT}/Fabric/run\" 04fddab44a5f9a163666dd7b683ad1c17139eafc 9d63ee9d2510047a553347a14d0f6d157d3e15b78adebd0084e85700c1f065c4";
		};
		571B9D1F7A6F47BC1F423EBE /* Embed Pods Frameworks */ = {
			isa = PBXShellScriptBuildPhase;
			buildActionMask = 2147483647;
			files = (
			);
			inputPaths = (
			);
			name = "Embed Pods Frameworks";
			outputPaths = (
			);
			runOnlyForDeploymentPostprocessing = 0;
			shellPath = /bin/sh;
			shellScript = "\"${SRCROOT}/Pods/Target Support Files/Pods/Pods-frameworks.sh\"\n";
			showEnvVarsInLog = 0;
		};
		D764239E8729A717563B1FD9 /* Copy Pods Resources */ = {
			isa = PBXShellScriptBuildPhase;
			buildActionMask = 2147483647;
			files = (
			);
			inputPaths = (
			);
			name = "Copy Pods Resources";
			outputPaths = (
			);
			runOnlyForDeploymentPostprocessing = 0;
			shellPath = /bin/sh;
			shellScript = "\"${SRCROOT}/Pods/Target Support Files/Pods/Pods-resources.sh\"\n";
			showEnvVarsInLog = 0;
		};
		F373D7A0C33EA6A2A07B2494 /* Check Pods Manifest.lock */ = {
			isa = PBXShellScriptBuildPhase;
			buildActionMask = 2147483647;
			files = (
			);
			inputPaths = (
			);
			name = "Check Pods Manifest.lock";
			outputPaths = (
			);
			runOnlyForDeploymentPostprocessing = 0;
			shellPath = /bin/sh;
			shellScript = "diff \"${PODS_ROOT}/../Podfile.lock\" \"${PODS_ROOT}/Manifest.lock\" > /dev/null\nif [[ $? != 0 ]] ; then\n    cat << EOM\nerror: The sandbox is not in sync with the Podfile.lock. Run 'pod install' or update your CocoaPods installation.\nEOM\n    exit 1\nfi\n";
			showEnvVarsInLog = 0;
		};
/* End PBXShellScriptBuildPhase section */

/* Begin PBXSourcesBuildPhase section */
		2A9A954B1C5CBB84007BDA52 /* Sources */ = {
			isa = PBXSourcesBuildPhase;
			buildActionMask = 2147483647;
			files = (
				2A642D581C6FBB7700098E99 /* SubjectTableViewController.swift in Sources */,
				2A5BB4971C7C158E00F64A2D /* TimeTable.swift in Sources */,
				2AEF74311C6BA76200C10205 /* LectureModel.swift in Sources */,
				2A2C332F1C62AF5F00676BA6 /* SplashViewController.swift in Sources */,
				2A5D96A61C6A967800E1DF80 /* NoticeDetailView.swift in Sources */,
				2AEF742B1C6BA49800C10205 /* LectureCollectionView.swift in Sources */,
				2A4A6C0F1C66557600B4BD6F /* Kyutech.swift in Sources */,
				2AEF74231C6AD53200C10205 /* LectureCollectionViewController.swift in Sources */,
				2A4A6C051C64F7BF00B4BD6F /* NoticeDetailViewController.swift in Sources */,
				2A5BB4941C7C158200F64A2D /* Direction.swift in Sources */,
				2A5D96A01C6A7D7100E1DF80 /* NoticeView.swift in Sources */,
				2A4A6BEA1C64D7FE00B4BD6F /* RootTabBarController.swift in Sources */,
				2AEF742E1C6BA5B700C10205 /* Lecture.swift in Sources */,
				2ABF85991C7C36D300B4998E /* AccessView.swift in Sources */,
				2A9A95531C5CBB84007BDA52 /* AppDelegate.swift in Sources */,
				2A4A6C021C64F73100B4BD6F /* Notice.swift in Sources */,
				2A5BB4911C7C157900F64A2D /* Access.swift in Sources */,
				2ADA7D8F1C6A6BEE0054A771 /* MenuTableView.swift in Sources */,
				2A4540541C67957000B33393 /* NoticeNavigationController.swift in Sources */,
				2A9A959F1C5D2421007BDA52 /* Config.swift in Sources */,
				2A45405A1C679C2800B33393 /* MenuTableViewController.swift in Sources */,
				2A4A6BFE1C64F49E00B4BD6F /* NoticeViewController.swift in Sources */,
				2AFFAFA81C7028DA00ACD168 /* SubjectTableView.swift in Sources */,
				2A6A08671C6EBFF0004B1EC2 /* RealmData.swift in Sources */,
				2A4A6C121C66570700B4BD6F /* Alamofire+SwiftyJSON.swift in Sources */,
				2A4540571C6797A600B33393 /* RootNoticeViewController.swift in Sources */,
				2A4A6C0C1C663F4C00B4BD6F /* APIService.swift in Sources */,
				2A38A2E41C8B62990050B18B /* LectureDetailView.swift in Sources */,
				2A5D96A31C6A8D5900E1DF80 /* NoticeTableView.swift in Sources */,
				2AEF74381C6BBD7400C10205 /* LectureCollectionViewCell.swift in Sources */,
				2A5BB49A1C7C15AA00F64A2D /* AccessModel.swift in Sources */,
				2AFFAFA31C6FCD7A00ACD168 /* SubjectTableViewCell.swift in Sources */,
				2A38A2E11C8B59E40050B18B /* LectureDetailTableViewController.swift in Sources */,
				2A8228301C6F959B00F3AB7B /* TermTableViewController.swift in Sources */,
				2A45405D1C67A47C00B33393 /* CategoryModel.swift in Sources */,
				2ABF85951C7C361B00B4998E /* AccessViewController.swift in Sources */,
				2A4A6C091C6623D800B4BD6F /* NoticeModel.swift in Sources */,
			);
			runOnlyForDeploymentPostprocessing = 0;
		};
		2A9A955F1C5CBB84007BDA52 /* Sources */ = {
			isa = PBXSourcesBuildPhase;
			buildActionMask = 2147483647;
			files = (
				2A9A95681C5CBB84007BDA52 /* kyutechTests.swift in Sources */,
			);
			runOnlyForDeploymentPostprocessing = 0;
		};
		2A9A956A1C5CBB84007BDA52 /* Sources */ = {
			isa = PBXSourcesBuildPhase;
			buildActionMask = 2147483647;
			files = (
				2A9A95731C5CBB84007BDA52 /* kyutechUITests.swift in Sources */,
			);
			runOnlyForDeploymentPostprocessing = 0;
		};
		2ADA7D621C6975730054A771 /* Sources */ = {
			isa = PBXSourcesBuildPhase;
			buildActionMask = 2147483647;
			files = (
				2A642D591C6FBB7700098E99 /* SubjectTableViewController.swift in Sources */,
				2A5BB4981C7C158E00F64A2D /* TimeTable.swift in Sources */,
				2AEF74321C6BA76200C10205 /* LectureModel.swift in Sources */,
				2ADA7D631C6975730054A771 /* SplashViewController.swift in Sources */,
				2A5D96A71C6A967800E1DF80 /* NoticeDetailView.swift in Sources */,
				2AEF742C1C6BA49800C10205 /* LectureCollectionView.swift in Sources */,
				2ADA7D641C6975730054A771 /* Kyutech.swift in Sources */,
				2AEF74241C6AD53200C10205 /* LectureCollectionViewController.swift in Sources */,
				2ADA7D651C6975730054A771 /* NoticeDetailViewController.swift in Sources */,
				2A5BB4951C7C158200F64A2D /* Direction.swift in Sources */,
				2A5D96A11C6A7D7100E1DF80 /* NoticeView.swift in Sources */,
				2ADA7D661C6975730054A771 /* RootTabBarController.swift in Sources */,
				2AEF742F1C6BA5B700C10205 /* Lecture.swift in Sources */,
				2ABF859A1C7C36D300B4998E /* AccessView.swift in Sources */,
				2ADA7D671C6975730054A771 /* AppDelegate.swift in Sources */,
				2ADA7D681C6975730054A771 /* Notice.swift in Sources */,
				2A5BB4921C7C157900F64A2D /* Access.swift in Sources */,
				2ADA7D901C6A6BEE0054A771 /* MenuTableView.swift in Sources */,
				2ADA7D691C6975730054A771 /* NoticeNavigationController.swift in Sources */,
				2ADA7D6A1C6975730054A771 /* Config.swift in Sources */,
				2ADA7D6B1C6975730054A771 /* MenuTableViewController.swift in Sources */,
				2ADA7D6C1C6975730054A771 /* NoticeViewController.swift in Sources */,
				2AFFAFA91C7028DA00ACD168 /* SubjectTableView.swift in Sources */,
				2A6A08681C6EBFF0004B1EC2 /* RealmData.swift in Sources */,
				2ADA7D6D1C6975730054A771 /* Alamofire+SwiftyJSON.swift in Sources */,
				2ADA7D6E1C6975730054A771 /* RootNoticeViewController.swift in Sources */,
				2ADA7D6F1C6975730054A771 /* APIService.swift in Sources */,
				2A38A2E51C8B62990050B18B /* LectureDetailView.swift in Sources */,
				2A5D96A41C6A8D5900E1DF80 /* NoticeTableView.swift in Sources */,
				2AEF74391C6BBD7400C10205 /* LectureCollectionViewCell.swift in Sources */,
				2A5BB49B1C7C15AA00F64A2D /* AccessModel.swift in Sources */,
				2AFFAFA41C6FCD7A00ACD168 /* SubjectTableViewCell.swift in Sources */,
				2A38A2E21C8B59E40050B18B /* LectureDetailTableViewController.swift in Sources */,
				2A8228311C6F959B00F3AB7B /* TermTableViewController.swift in Sources */,
				2ADA7D701C6975730054A771 /* CategoryModel.swift in Sources */,
				2ABF85961C7C361B00B4998E /* AccessViewController.swift in Sources */,
				2ADA7D711C6975730054A771 /* NoticeModel.swift in Sources */,
			);
			runOnlyForDeploymentPostprocessing = 0;
		};
/* End PBXSourcesBuildPhase section */

/* Begin PBXTargetDependency section */
		2A9A95651C5CBB84007BDA52 /* PBXTargetDependency */ = {
			isa = PBXTargetDependency;
			target = 2A9A954E1C5CBB84007BDA52 /* kyutech */;
			targetProxy = 2A9A95641C5CBB84007BDA52 /* PBXContainerItemProxy */;
		};
		2A9A95701C5CBB84007BDA52 /* PBXTargetDependency */ = {
			isa = PBXTargetDependency;
			target = 2A9A954E1C5CBB84007BDA52 /* kyutech */;
			targetProxy = 2A9A956F1C5CBB84007BDA52 /* PBXContainerItemProxy */;
		};
/* End PBXTargetDependency section */

/* Begin PBXVariantGroup section */
		2A9A95561C5CBB84007BDA52 /* Main.storyboard */ = {
			isa = PBXVariantGroup;
			children = (
				2A9A95571C5CBB84007BDA52 /* Base */,
			);
			name = Main.storyboard;
			sourceTree = "<group>";
		};
		2A9A955B1C5CBB84007BDA52 /* LaunchScreen.storyboard */ = {
			isa = PBXVariantGroup;
			children = (
				2A9A955C1C5CBB84007BDA52 /* Base */,
			);
			name = LaunchScreen.storyboard;
			sourceTree = "<group>";
		};
/* End PBXVariantGroup section */

/* Begin XCBuildConfiguration section */
		2A9A95751C5CBB84007BDA52 /* Debug */ = {
			isa = XCBuildConfiguration;
			buildSettings = {
				ALWAYS_SEARCH_USER_PATHS = NO;
				CLANG_CXX_LANGUAGE_STANDARD = "gnu++0x";
				CLANG_CXX_LIBRARY = "libc++";
				CLANG_ENABLE_MODULES = YES;
				CLANG_ENABLE_OBJC_ARC = YES;
				CLANG_WARN_BOOL_CONVERSION = YES;
				CLANG_WARN_CONSTANT_CONVERSION = YES;
				CLANG_WARN_DIRECT_OBJC_ISA_USAGE = YES_ERROR;
				CLANG_WARN_EMPTY_BODY = YES;
				CLANG_WARN_ENUM_CONVERSION = YES;
				CLANG_WARN_INT_CONVERSION = YES;
				CLANG_WARN_OBJC_ROOT_CLASS = YES_ERROR;
				CLANG_WARN_UNREACHABLE_CODE = YES;
				CLANG_WARN__DUPLICATE_METHOD_MATCH = YES;
				"CODE_SIGN_IDENTITY[sdk=iphoneos*]" = "iPhone Developer";
				COPY_PHASE_STRIP = NO;
				DEBUG_INFORMATION_FORMAT = dwarf;
				ENABLE_STRICT_OBJC_MSGSEND = YES;
				ENABLE_TESTABILITY = YES;
				GCC_C_LANGUAGE_STANDARD = gnu99;
				GCC_DYNAMIC_NO_PIC = NO;
				GCC_NO_COMMON_BLOCKS = YES;
				GCC_OPTIMIZATION_LEVEL = 0;
				GCC_PREPROCESSOR_DEFINITIONS = (
					"DEBUG=1",
					"$(inherited)",
				);
				GCC_WARN_64_TO_32_BIT_CONVERSION = YES;
				GCC_WARN_ABOUT_RETURN_TYPE = YES_ERROR;
				GCC_WARN_UNDECLARED_SELECTOR = YES;
				GCC_WARN_UNINITIALIZED_AUTOS = YES_AGGRESSIVE;
				GCC_WARN_UNUSED_FUNCTION = YES;
				GCC_WARN_UNUSED_VARIABLE = YES;
				IPHONEOS_DEPLOYMENT_TARGET = 9.2;
				MTL_ENABLE_DEBUG_INFO = YES;
				ONLY_ACTIVE_ARCH = YES;
				SDKROOT = iphoneos;
				SWIFT_OPTIMIZATION_LEVEL = "-Onone";
				TARGETED_DEVICE_FAMILY = "1,2";
			};
			name = Debug;
		};
		2A9A95761C5CBB84007BDA52 /* Release */ = {
			isa = XCBuildConfiguration;
			buildSettings = {
				ALWAYS_SEARCH_USER_PATHS = NO;
				CLANG_CXX_LANGUAGE_STANDARD = "gnu++0x";
				CLANG_CXX_LIBRARY = "libc++";
				CLANG_ENABLE_MODULES = YES;
				CLANG_ENABLE_OBJC_ARC = YES;
				CLANG_WARN_BOOL_CONVERSION = YES;
				CLANG_WARN_CONSTANT_CONVERSION = YES;
				CLANG_WARN_DIRECT_OBJC_ISA_USAGE = YES_ERROR;
				CLANG_WARN_EMPTY_BODY = YES;
				CLANG_WARN_ENUM_CONVERSION = YES;
				CLANG_WARN_INT_CONVERSION = YES;
				CLANG_WARN_OBJC_ROOT_CLASS = YES_ERROR;
				CLANG_WARN_UNREACHABLE_CODE = YES;
				CLANG_WARN__DUPLICATE_METHOD_MATCH = YES;
				"CODE_SIGN_IDENTITY[sdk=iphoneos*]" = "iPhone Developer";
				COPY_PHASE_STRIP = NO;
				DEBUG_INFORMATION_FORMAT = "dwarf-with-dsym";
				ENABLE_NS_ASSERTIONS = NO;
				ENABLE_STRICT_OBJC_MSGSEND = YES;
				GCC_C_LANGUAGE_STANDARD = gnu99;
				GCC_NO_COMMON_BLOCKS = YES;
				GCC_WARN_64_TO_32_BIT_CONVERSION = YES;
				GCC_WARN_ABOUT_RETURN_TYPE = YES_ERROR;
				GCC_WARN_UNDECLARED_SELECTOR = YES;
				GCC_WARN_UNINITIALIZED_AUTOS = YES_AGGRESSIVE;
				GCC_WARN_UNUSED_FUNCTION = YES;
				GCC_WARN_UNUSED_VARIABLE = YES;
				IPHONEOS_DEPLOYMENT_TARGET = 9.2;
				MTL_ENABLE_DEBUG_INFO = NO;
				SDKROOT = iphoneos;
				TARGETED_DEVICE_FAMILY = "1,2";
				VALIDATE_PRODUCT = YES;
			};
			name = Release;
		};
		2A9A95781C5CBB84007BDA52 /* Debug */ = {
			isa = XCBuildConfiguration;
			baseConfigurationReference = 54F0A4613E3F6BCD606724CB /* Pods.debug.xcconfig */;
			buildSettings = {
				ASSETCATALOG_COMPILER_APPICON_NAME = AppIcon;
				CLANG_ENABLE_MODULES = YES;
				CODE_SIGN_ENTITLEMENTS = kyutech/kyutech.entitlements;
				ENABLE_BITCODE = NO;
				FRAMEWORK_SEARCH_PATHS = (
					"$(inherited)",
					"$(PROJECT_DIR)/SHUtil/build/Debug-iphoneos",
					"$(PROJECT_DIR)/Build/Products/Debug-iphoneos",
				);
				INFOPLIST_FILE = kyutech/Info.plist;
				LD_RUNPATH_SEARCH_PATHS = "$(inherited) @executable_path/Frameworks @loader_path/../Frameworks/ ";
				OTHER_SWIFT_FLAGS = "$(inherited) \"-D\" \"COCOAPODS\"";
				PRODUCT_BUNDLE_IDENTIFIER = com.planningdev.kyutech;
				PRODUCT_NAME = "$(TARGET_NAME)";
				SWIFT_OBJC_BRIDGING_HEADER = "kyutech/kyutech-Bridging-Header.h";
				SWIFT_OPTIMIZATION_LEVEL = "-Onone";
			};
			name = Debug;
		};
		2A9A95791C5CBB84007BDA52 /* Release */ = {
			isa = XCBuildConfiguration;
			baseConfigurationReference = C1F64317C9D0F1507FCB9A4E /* Pods.release.xcconfig */;
			buildSettings = {
				ASSETCATALOG_COMPILER_APPICON_NAME = AppIcon;
				CLANG_ENABLE_MODULES = YES;
				CODE_SIGN_ENTITLEMENTS = kyutech/kyutech.entitlements;
				ENABLE_BITCODE = NO;
				FRAMEWORK_SEARCH_PATHS = (
					"$(inherited)",
					"$(PROJECT_DIR)/SHUtil/build/Debug-iphoneos",
					"$(PROJECT_DIR)/Build/Products/Debug-iphoneos",
				);
				INFOPLIST_FILE = kyutech/Info.plist;
				LD_RUNPATH_SEARCH_PATHS = "$(inherited) @executable_path/Frameworks @loader_path/../Frameworks/ ";
				PRODUCT_BUNDLE_IDENTIFIER = com.planningdev.kyutech;
				PRODUCT_NAME = "$(TARGET_NAME)";
				SWIFT_OBJC_BRIDGING_HEADER = "kyutech/kyutech-Bridging-Header.h";
			};
			name = Release;
		};
		2A9A957B1C5CBB84007BDA52 /* Debug */ = {
			isa = XCBuildConfiguration;
			buildSettings = {
				BUNDLE_LOADER = "$(TEST_HOST)";
				INFOPLIST_FILE = kyutechTests/Info.plist;
				LD_RUNPATH_SEARCH_PATHS = "$(inherited) @executable_path/Frameworks @loader_path/Frameworks";
				PRODUCT_BUNDLE_IDENTIFIER = com.planningdev.kyutechTests;
				PRODUCT_NAME = "$(TARGET_NAME)";
				TEST_HOST = "$(BUILT_PRODUCTS_DIR)/kyutech.app/kyutech";
			};
			name = Debug;
		};
		2A9A957C1C5CBB84007BDA52 /* Release */ = {
			isa = XCBuildConfiguration;
			buildSettings = {
				BUNDLE_LOADER = "$(TEST_HOST)";
				INFOPLIST_FILE = kyutechTests/Info.plist;
				LD_RUNPATH_SEARCH_PATHS = "$(inherited) @executable_path/Frameworks @loader_path/Frameworks";
				PRODUCT_BUNDLE_IDENTIFIER = com.planningdev.kyutechTests;
				PRODUCT_NAME = "$(TARGET_NAME)";
				TEST_HOST = "$(BUILT_PRODUCTS_DIR)/kyutech.app/kyutech";
			};
			name = Release;
		};
		2A9A957E1C5CBB84007BDA52 /* Debug */ = {
			isa = XCBuildConfiguration;
			buildSettings = {
				INFOPLIST_FILE = kyutechUITests/Info.plist;
				LD_RUNPATH_SEARCH_PATHS = "$(inherited) @executable_path/Frameworks @loader_path/Frameworks";
				PRODUCT_BUNDLE_IDENTIFIER = com.planningdev.kyutechUITests;
				PRODUCT_NAME = "$(TARGET_NAME)";
				TEST_TARGET_NAME = kyutech;
				USES_XCTRUNNER = YES;
			};
			name = Debug;
		};
		2A9A957F1C5CBB84007BDA52 /* Release */ = {
			isa = XCBuildConfiguration;
			buildSettings = {
				INFOPLIST_FILE = kyutechUITests/Info.plist;
				LD_RUNPATH_SEARCH_PATHS = "$(inherited) @executable_path/Frameworks @loader_path/Frameworks";
				PRODUCT_BUNDLE_IDENTIFIER = com.planningdev.kyutechUITests;
				PRODUCT_NAME = "$(TARGET_NAME)";
				TEST_TARGET_NAME = kyutech;
				USES_XCTRUNNER = YES;
			};
			name = Release;
		};
		2ADA7D871C6975730054A771 /* Debug */ = {
			isa = XCBuildConfiguration;
			baseConfigurationReference = 54F0A4613E3F6BCD606724CB /* Pods.debug.xcconfig */;
			buildSettings = {
				ASSETCATALOG_COMPILER_APPICON_NAME = AppIcon;
				CLANG_ENABLE_MODULES = YES;
				CODE_SIGN_ENTITLEMENTS = kyutech/kyutech.entitlements;
				CODE_SIGN_IDENTITY = "iPhone Developer";
				"CODE_SIGN_IDENTITY[sdk=iphoneos*]" = "iPhone Developer";
				ENABLE_BITCODE = NO;
				FRAMEWORK_SEARCH_PATHS = (
					"$(inherited)",
					"$(PROJECT_DIR)/SHUtil/build/Debug-iphoneos",
					"$(PROJECT_DIR)/Build/Products/Debug-iphoneos",
				);
				INFOPLIST_FILE = "kyutech/kyutech-dev.plist";
				LD_RUNPATH_SEARCH_PATHS = "$(inherited) @executable_path/Frameworks @loader_path/../Frameworks/ ";
				OTHER_SWIFT_FLAGS = "$(inherited) \"-D\" \"COCOAPODS\" \"-DDEVELOP\"";
				PRODUCT_BUNDLE_IDENTIFIER = com.planningdev.kyutech;
				PRODUCT_NAME = "$(TARGET_NAME)";
				PROVISIONING_PROFILE = "";
				SWIFT_OBJC_BRIDGING_HEADER = "kyutech/kyutech-Bridging-Header.h";
				SWIFT_OPTIMIZATION_LEVEL = "-Onone";
			};
			name = Debug;
		};
		2ADA7D881C6975730054A771 /* Release */ = {
			isa = XCBuildConfiguration;
			baseConfigurationReference = C1F64317C9D0F1507FCB9A4E /* Pods.release.xcconfig */;
			buildSettings = {
				ASSETCATALOG_COMPILER_APPICON_NAME = AppIcon;
				CLANG_ENABLE_MODULES = YES;
				CODE_SIGN_ENTITLEMENTS = kyutech/kyutech.entitlements;
				CODE_SIGN_IDENTITY = "iPhone Developer";
				"CODE_SIGN_IDENTITY[sdk=iphoneos*]" = "iPhone Developer";
				ENABLE_BITCODE = NO;
				FRAMEWORK_SEARCH_PATHS = (
					"$(inherited)",
					"$(PROJECT_DIR)/SHUtil/build/Debug-iphoneos",
					"$(PROJECT_DIR)/Build/Products/Debug-iphoneos",
				);
				INFOPLIST_FILE = "kyutech/kyutech-dev.plist";
				LD_RUNPATH_SEARCH_PATHS = "$(inherited) @executable_path/Frameworks @loader_path/../Frameworks/ ";
				PRODUCT_BUNDLE_IDENTIFIER = com.planningdev.kyutech;
				PRODUCT_NAME = "$(TARGET_NAME)";
				PROVISIONING_PROFILE = "";
				SWIFT_OBJC_BRIDGING_HEADER = "kyutech/kyutech-Bridging-Header.h";
			};
			name = Release;
		};
/* End XCBuildConfiguration section */

/* Begin XCConfigurationList section */
		2A9A954A1C5CBB84007BDA52 /* Build configuration list for PBXProject "kyutech" */ = {
			isa = XCConfigurationList;
			buildConfigurations = (
				2A9A95751C5CBB84007BDA52 /* Debug */,
				2A9A95761C5CBB84007BDA52 /* Release */,
			);
			defaultConfigurationIsVisible = 0;
			defaultConfigurationName = Release;
		};
		2A9A95771C5CBB84007BDA52 /* Build configuration list for PBXNativeTarget "kyutech" */ = {
			isa = XCConfigurationList;
			buildConfigurations = (
				2A9A95781C5CBB84007BDA52 /* Debug */,
				2A9A95791C5CBB84007BDA52 /* Release */,
			);
			defaultConfigurationIsVisible = 0;
			defaultConfigurationName = Release;
		};
		2A9A957A1C5CBB84007BDA52 /* Build configuration list for PBXNativeTarget "kyutechTests" */ = {
			isa = XCConfigurationList;
			buildConfigurations = (
				2A9A957B1C5CBB84007BDA52 /* Debug */,
				2A9A957C1C5CBB84007BDA52 /* Release */,
			);
			defaultConfigurationIsVisible = 0;
			defaultConfigurationName = Release;
		};
		2A9A957D1C5CBB84007BDA52 /* Build configuration list for PBXNativeTarget "kyutechUITests" */ = {
			isa = XCConfigurationList;
			buildConfigurations = (
				2A9A957E1C5CBB84007BDA52 /* Debug */,
				2A9A957F1C5CBB84007BDA52 /* Release */,
			);
			defaultConfigurationIsVisible = 0;
			defaultConfigurationName = Release;
		};
		2ADA7D861C6975730054A771 /* Build configuration list for PBXNativeTarget "kyutech-dev" */ = {
			isa = XCConfigurationList;
			buildConfigurations = (
				2ADA7D871C6975730054A771 /* Debug */,
				2ADA7D881C6975730054A771 /* Release */,
			);
			defaultConfigurationIsVisible = 0;
			defaultConfigurationName = Release;
		};
/* End XCConfigurationList section */
	};
	rootObject = 2A9A95471C5CBB84007BDA52 /* Project object */;
}
